schema: '2.0'
stages:
  unzip_dataset:
    cmd: python src/unzip_dataset.py
    deps:
    - path: data/Benchmarks.zip
      md5: 57eb3a44aff1d10052db98b1742ea36a
      size: 293027729
    - path: src/unzip_dataset.py
      md5: 72a86f04e959d196868548ea8032cb14
      size: 719
    params:
      params.yaml:
        data_folder: data
        unzip_dataset:
          input_file: Benchmarks.zip
          output_folder: data_benchmark
    outs:
    - path: data/data_benchmark
      md5: 2d35f1eb05bc40c5bb7ec7e7d12cc44f.dir
      size: 294272494
      nfiles: 9347
  split_dataset:
    cmd: python src/split_dataset.py
    deps:
    - path: data/data_benchmark
      md5: 2d35f1eb05bc40c5bb7ec7e7d12cc44f.dir
      size: 294272494
      nfiles: 9347
    - path: src/split_dataset.py
      md5: 060a172963cb9cedcacf018786f4203e
      size: 2256
    params:
      params.yaml:
        data_folder: data
        split_dataset:
          index_search:
            output_folder: index_search
            index_search_ratio: 0.3
            seed: 1337
          ML_model:
            output_folder: ML_model
            seed: 1337
            test_ratio: 0.3
        unzip_dataset:
          input_file: Benchmarks.zip
          output_folder: data_benchmark
    outs:
    - path: data/ML_model
      md5: cff20f4b24874586b3fd17e51a92c673.dir
      size: 205297725
      nfiles: 6540
    - path: data/index_search
      md5: 398c05d801cb2959f20430a7189b6e7d.dir
      size: 88974769
      nfiles: 2807
